// !$*UTF8*$!
{
	archiveVersion = 1;
	classes = {
	};
	objectVersion = 50;
	objects = {

/* Begin PBXBuildFile section */
		2AA5E3CE24B191320028A39A /* AppDelegate.swift in Sources */ = {isa = PBXBuildFile; fileRef = 2AA5E3CD24B191320028A39A /* AppDelegate.swift */; };
		2AA5E3D024B191320028A39A /* SceneDelegate.swift in Sources */ = {isa = PBXBuildFile; fileRef = 2AA5E3CF24B191320028A39A /* SceneDelegate.swift */; };
		2AA5E3D224B191320028A39A /* ViewController.swift in Sources */ = {isa = PBXBuildFile; fileRef = 2AA5E3D124B191320028A39A /* ViewController.swift */; };
		2AA5E3D524B191320028A39A /* Main.storyboard in Resources */ = {isa = PBXBuildFile; fileRef = 2AA5E3D324B191320028A39A /* Main.storyboard */; };
		2AA5E3D724B191340028A39A /* Assets.xcassets in Resources */ = {isa = PBXBuildFile; fileRef = 2AA5E3D624B191340028A39A /* Assets.xcassets */; };
		2AA5E3DA24B191340028A39A /* LaunchScreen.storyboard in Resources */ = {isa = PBXBuildFile; fileRef = 2AA5E3D824B191340028A39A /* LaunchScreen.storyboard */; };
		2AA5E3E224B210130028A39A /* README.md in Resources */ = {isa = PBXBuildFile; fileRef = 2AA5E3E124B210130028A39A /* README.md */; };
/* End PBXBuildFile section */

/* Begin PBXFileReference section */
		2AA5E3CA24B191320028A39A /* Gradientist.app */ = {isa = PBXFileReference; explicitFileType = wrapper.application; includeInIndex = 0; path = Gradientist.app; sourceTree = BUILT_PRODUCTS_DIR; };
		2AA5E3CD24B191320028A39A /* AppDelegate.swift */ = {isa = PBXFileReference; lastKnownFileType = sourcecode.swift; path = AppDelegate.swift; sourceTree = "<group>"; };
		2AA5E3CF24B191320028A39A /* SceneDelegate.swift */ = {isa = PBXFileReference; lastKnownFileType = sourcecode.swift; path = SceneDelegate.swift; sourceTree = "<group>"; };
		2AA5E3D124B191320028A39A /* ViewController.swift */ = {isa = PBXFileReference; lastKnownFileType = sourcecode.swift; path = ViewController.swift; sourceTree = "<group>"; };
		2AA5E3D424B191320028A39A /* Base */ = {isa = PBXFileReference; lastKnownFileType = file.storyboard; name = Base; path = Base.lproj/Main.storyboard; sourceTree = "<group>"; };
		2AA5E3D624B191340028A39A /* Assets.xcassets */ = {isa = PBXFileReference; lastKnownFileType = folder.assetcatalog; path = Assets.xcassets; sourceTree = "<group>"; };
		2AA5E3D924B191340028A39A /* Base */ = {isa = PBXFileReference; lastKnownFileType = file.storyboard; name = Base; path = Base.lproj/LaunchScreen.storyboard; sourceTree = "<group>"; };
		2AA5E3DB24B191340028A39A /* Info.plist */ = {isa = PBXFileReference; lastKnownFileType = text.plist.xml; path = Info.plist; sourceTree = "<group>"; };
		2AA5E3E124B210130028A39A /* README.md */ = {isa = PBXFileReference; fileEncoding = 4; lastKnownFileType = net.daringfireball.markdown; path = README.md; sourceTree = "<group>"; };
/* End PBXFileReference section */

/* Begin PBXFrameworksBuildPhase section */
		2AA5E3C724B191320028A39A /* Frameworks */ = {
			isa = PBXFrameworksBuildPhase;
			buildActionMask = 2147483647;
			files = (
			);
			runOnlyForDeploymentPostprocessing = 0;
		};
/* End PBXFrameworksBuildPhase section */

/* Begin PBXGroup section */
		2AA5E3C124B191320028A39A = {
			isa = PBXGroup;
			children = (
				2AA5E3E124B210130028A39A /* README.md */,
				2AA5E3CC24B191320028A39A /* Gradientist */,
				2AA5E3CB24B191320028A39A /* Products */,
			);
			sourceTree = "<group>";
		};
		2AA5E3CB24B191320028A39A /* Products */ = {
			isa = PBXGroup;
			children = (
				2AA5E3CA24B191320028A39A /* Gradientist.app */,
			);
			name = Products;
			sourceTree = "<group>";
		};
		2AA5E3CC24B191320028A39A /* Gradientist */ = {
			isa = PBXGroup;
			children = (
				2AA5E3CD24B191320028A39A /* AppDelegate.swift */,
				2AA5E3CF24B191320028A39A /* SceneDelegate.swift */,
				2AA5E3D124B191320028A39A /* ViewController.swift */,
				2AA5E3D324B191320028A39A /* Main.storyboard */,
				2AA5E3D624B191340028A39A /* Assets.xcassets */,
				2AA5E3D824B191340028A39A /* LaunchScreen.storyboard */,
				2AA5E3DB24B191340028A39A /* Info.plist */,
			);
			path = Gradientist;
			sourceTree = "<group>";
		};
/* End PBXGroup section */

/* Begin PBXNativeTarget section */
		2AA5E3C924B191320028A39A /* Gradientist */ = {
			isa = PBXNativeTarget;
			buildConfigurationList = 2AA5E3DE24B191340028A39A /* Build configuration list for PBXNativeTarget "Gradientist" */;
			buildPhases = (
				2AA5E3C624B191320028A39A /* Sources */,
				2AA5E3C724B191320028A39A /* Frameworks */,
				2AA5E3C824B191320028A39A /* Resources */,
			);
			buildRules = (
			);
			dependencies = (
			);
			name = Gradientist;
			productName = Gradientist;
			productReference = 2AA5E3CA24B191320028A39A /* Gradientist.app */;
			productType = "com.apple.product-type.application";
		};
/* End PBXNativeTarget section */

/* Begin PBXProject section */
		2AA5E3C224B191320028A39A /* Project object */ = {
			isa = PBXProject;
			attributes = {
				LastSwiftUpdateCheck = 1150;
				LastUpgradeCheck = 1150;
				ORGANIZATIONNAME = "Kim Seungha";
				TargetAttributes = {
					2AA5E3C924B191320028A39A = {
						CreatedOnToolsVersion = 11.5;
					};
				};
			};
			buildConfigurationList = 2AA5E3C524B191320028A39A /* Build configuration list for PBXProject "Gradientist" */;
			compatibilityVersion = "Xcode 9.3";
			developmentRegion = en;
			hasScannedForEncodings = 0;
			knownRegions = (
				en,
				Base,
			);
			mainGroup = 2AA5E3C124B191320028A39A;
			productRefGroup = 2AA5E3CB24B191320028A39A /* Products */;
			projectDirPath = "";
			projectRoot = "";
			targets = (
				2AA5E3C924B191320028A39A /* Gradientist */,
			);
		};
/* End PBXProject section */

/* Begin PBXResourcesBuildPhase section */
		2AA5E3C824B191320028A39A /* Resources */ = {
			isa = PBXResourcesBuildPhase;
			buildActionMask = 2147483647;
			files = (
				2AA5E3DA24B191340028A39A /* LaunchScreen.storyboard in Resources */,
				2AA5E3D724B191340028A39A /* Assets.xcassets in Resources */,
				2AA5E3E224B210130028A39A /* README.md in Resources */,
				2AA5E3D524B191320028A39A /* Main.storyboard in Resources */,
			);
			runOnlyForDeploymentPostprocessing = 0;
		};
/* End PBXResourcesBuildPhase section */

/* Begin PBXSourcesBuildPhase section */
		2AA5E3C624B191320028A39A /* Sources */ = {
			isa = PBXSourcesBuildPhase;
			buildActionMask = 2147483647;
			files = (
				2AA5E3D224B191320028A39A /* ViewController.swift in Sources */,
				2AA5E3CE24B191320028A39A /* AppDelegate.swift in Sources */,
				2AA5E3D024B191320028A39A /* SceneDelegate.swift in Sources */,
			);
			runOnlyForDeploymentPostprocessing = 0;
		};
/* End PBXSourcesBuildPhase section */

/* Begin PBXVariantGroup section */
		2AA5E3D324B191320028A39A /* Main.storyboard */ = {
			isa = PBXVariantGroup;
			children = (
				2AA5E3D424B191320028A39A /* Base */,
			);
			name = Main.storyboard;
			sourceTree = "<group>";
		};
		2AA5E3D824B191340028A39A /* LaunchScreen.storyboard */ = {
			isa = PBXVariantGroup;
			children = (
				2AA5E3D924B191340028A39A /* Base */,
			);
			name = LaunchScreen.storyboard;
			sourceTree = "<group>";
		};
/* End PBXVariantGroup section */

/* Begin XCBuildConfiguration section */
		2AA5E3DC24B191340028A39A /* Debug */ = {
			isa = XCBuildConfiguration;
			buildSettings = {
				ALWAYS_SEARCH_USER_PATHS = NO;
				CLANG_ANALYZER_NONNULL = YES;
				CLANG_ANALYZER_NUMBER_OBJECT_CONVERSION = YES_AGGRESSIVE;
				CLANG_CXX_LANGUAGE_STANDARD = "gnu++14";
				CLANG_CXX_LIBRARY = "libc++";
				CLANG_ENABLE_MODULES = YES;
				CLANG_ENABLE_OBJC_ARC = YES;
				CLANG_ENABLE_OBJC_WEAK = YES;
				CLANG_WARN_BLOCK_CAPTURE_AUTORELEASING = YES;
				CLANG_WARN_BOOL_CONVERSION = YES;
				CLANG_WARN_COMMA = YES;
				CLANG_WARN_CONSTANT_CONVERSION = YES;
				CLANG_WARN_DEPRECATED_OBJC_IMPLEMENTATIONS = YES;
				CLANG_WARN_DIRECT_OBJC_ISA_USAGE = YES_ERROR;
				CLANG_WARN_DOCUMENTATION_COMMENTS = YES;
				CLANG_WARN_EMPTY_BODY = YES;
				CLANG_WARN_ENUM_CONVERSION = YES;
				CLANG_WARN_INFINITE_RECURSION = YES;
				CLANG_WARN_INT_CONVERSION = YES;
				CLANG_WARN_NON_LITERAL_NULL_CONVERSION = YES;
				CLANG_WARN_OBJC_IMPLICIT_RETAIN_SELF = YES;
				CLANG_WARN_OBJC_LITERAL_CONVERSION = YES;
				CLANG_WARN_OBJC_ROOT_CLASS = YES_ERROR;
				CLANG_WARN_RANGE_LOOP_ANALYSIS = YES;
				CLANG_WARN_STRICT_PROTOTYPES = YES;
				CLANG_WARN_SUSPICIOUS_MOVE = YES;
				CLANG_WARN_UNGUARDED_AVAILABILITY = YES_AGGRESSIVE;
				CLANG_WARN_UNREACHABLE_CODE = YES;
				CLANG_WARN__DUPLICATE_METHOD_MATCH = YES;
				COPY_PHASE_STRIP = NO;
				DEBUG_INFORMATION_FORMAT = dwarf;
				ENABLE_STRICT_OBJC_MSGSEND = YES;
				ENABLE_TESTABILITY = YES;
				GCC_C_LANGUAGE_STANDARD = gnu11;
				GCC_DYNAMIC_NO_PIC = NO;
				GCC_NO_COMMON_BLOCKS = YES;
				GCC_OPTIMIZATION_LEVEL = 0;
				GCC_PREPROCESSOR_DEFINITIONS = (
					"DEBUG=1",
					"$(inherited)",
				);
				GCC_WARN_64_TO_32_BIT_CONVERSION = YES;
				GCC_WARN_ABOUT_RETURN_TYPE = YES_ERROR;
				GCC_WARN_UNDECLARED_SELECTOR = YES;
				GCC_WARN_UNINITIALIZED_AUTOS = YES_AGGRESSIVE;
				GCC_WARN_UNUSED_FUNCTION = YES;
				GCC_WARN_UNUSED_VARIABLE = YES;
				IPHONEOS_DEPLOYMENT_TARGET = 13.5;
				MTL_ENABLE_DEBUG_INFO = INCLUDE_SOURCE;
				MTL_FAST_MATH = YES;
				ONLY_ACTIVE_ARCH = YES;
				SDKROOT = iphoneos;
				SWIFT_ACTIVE_COMPILATION_CONDITIONS = DEBUG;
				SWIFT_OPTIMIZATION_LEVEL = "-Onone";
			};
			name = Debug;
		};
		2AA5E3DD24B191340028A39A /* Release */ = {
			isa = XCBuildConfiguration;
			buildSettings = {
				ALWAYS_SEARCH_USER_PATHS = NO;
				CLANG_ANALYZER_NONNULL = YES;
				CLANG_ANALYZER_NUMBER_OBJECT_CONVERSION = YES_AGGRESSIVE;
				CLANG_CXX_LANGUAGE_STANDARD = "gnu++14";
				CLANG_CXX_LIBRARY = "libc++";
				CLANG_ENABLE_MODULES = YES;
				CLANG_ENABLE_OBJC_ARC = YES;
				CLANG_ENABLE_OBJC_WEAK = YES;
				CLANG_WARN_BLOCK_CAPTURE_AUTORELEASING = YES;
				CLANG_WARN_BOOL_CONVERSION = YES;
				CLANG_WARN_COMMA = YES;
				CLANG_WARN_CONSTANT_CONVERSION = YES;
				CLANG_WARN_DEPRECATED_OBJC_IMPLEMENTATIONS = YES;
				CLANG_WARN_DIRECT_OBJC_ISA_USAGE = YES_ERROR;
				CLANG_WARN_DOCUMENTATION_COMMENTS = YES;
				CLANG_WARN_EMPTY_BODY = YES;
				CLANG_WARN_ENUM_CONVERSION = YES;
				CLANG_WARN_INFINITE_RECURSION = YES;
				CLANG_WARN_INT_CONVERSION = YES;
				CLANG_WARN_NON_LITERAL_NULL_CONVERSION = YES;
				CLANG_WARN_OBJC_IMPLICIT_RETAIN_SELF = YES;
				CLANG_WARN_OBJC_LITERAL_CONVERSION = YES;
				CLANG_WARN_OBJC_ROOT_CLASS = YES_ERROR;
				CLANG_WARN_RANGE_LOOP_ANALYSIS = YES;
				CLANG_WARN_STRICT_PROTOTYPES = YES;
				CLANG_WARN_SUSPICIOUS_MOVE = YES;
				CLANG_WARN_UNGUARDED_AVAILABILITY = YES_AGGRESSIVE;
				CLANG_WARN_UNREACHABLE_CODE = YES;
				CLANG_WARN__DUPLICATE_METHOD_MATCH = YES;
				COPY_PHASE_STRIP = NO;
				DEBUG_INFORMATION_FORMAT = "dwarf-with-dsym";
				ENABLE_NS_ASSERTIONS = NO;
				ENABLE_STRICT_OBJC_MSGSEND = YES;
				GCC_C_LANGUAGE_STANDARD = gnu11;
				GCC_NO_COMMON_BLOCKS = YES;
				GCC_WARN_64_TO_32_BIT_CONVERSION = YES;
				GCC_WARN_ABOUT_RETURN_TYPE = YES_ERROR;
				GCC_WARN_UNDECLARED_SELECTOR = YES;
				GCC_WARN_UNINITIALIZED_AUTOS = YES_AGGRESSIVE;
				GCC_WARN_UNUSED_FUNCTION = YES;
				GCC_WARN_UNUSED_VARIABLE = YES;
				IPHONEOS_DEPLOYMENT_TARGET = 13.5;
				MTL_ENABLE_DEBUG_INFO = NO;
				MTL_FAST_MATH = YES;
				SDKROOT = iphoneos;
				SWIFT_COMPILATION_MODE = wholemodule;
				SWIFT_OPTIMIZATION_LEVEL = "-O";
				VALIDATE_PRODUCT = YES;
			};
			name = Release;
		};
		2AA5E3DF24B191340028A39A /* Debug */ = {
			isa = XCBuildConfiguration;
			buildSettings = {
				ASSETCATALOG_COMPILER_APPICON_NAME = AppIcon;
				CODE_SIGN_STYLE = Automatic;
				DEVELOPMENT_TEAM = BDN4KLVAKZ;
				INFOPLIST_FILE = Gradientist/Info.plist;
				LD_RUNPATH_SEARCH_PATHS = (
					"$(inherited)",
					"@executable_path/Frameworks",
				);
				PRODUCT_BUNDLE_IDENTIFIER = me.seungha.Gradientist;
				PRODUCT_NAME = "$(TARGET_NAME)";
				SWIFT_VERSION = 5.0;
				TARGETED_DEVICE_FAMILY = "1,2";
			};
			name = Debug;
		};
		2AA5E3E024B191340028A39A /* Release */ = {
			isa = XCBuildConfiguration;
			buildSettings = {
				ASSETCATALOG_COMPILER_APPICON_NAME = AppIcon;
				CODE_SIGN_STYLE = Automatic;
				DEVELOPMENT_TEAM = BDN4KLVAKZ;
				INFOPLIST_FILE = Gradientist/Info.plist;
				LD_RUNPATH_SEARCH_PATHS = (
					"$(inherited)",
					"@executable_path/Frameworks",
				);
				PRODUCT_BUNDLE_IDENTIFIER = me.seungha.Gradientist;
				PRODUCT_NAME = "$(TARGET_NAME)";
				SWIFT_VERSION = 5.0;
				TARGETED_DEVICE_FAMILY = "1,2";
			};
			name = Release;
		};
/* End XCBuildConfiguration section */

/* Begin XCConfigurationList section */
		2AA5E3C524B191320028A39A /* Build configuration list for PBXProject "Gradientist" */ = {
			isa = XCConfigurationList;
			buildConfigurations = (
				2AA5E3DC24B191340028A39A /* Debug */,
				2AA5E3DD24B191340028A39A /* Release */,
			);
			defaultConfigurationIsVisible = 0;
			defaultConfigurationName = Release;
		};
		2AA5E3DE24B191340028A39A /* Build configuration list for PBXNativeTarget "Gradientist" */ = {
			isa = XCConfigurationList;
			buildConfigurations = (
				2AA5E3DF24B191340028A39A /* Debug */,
				2AA5E3E024B191340028A39A /* Release */,
			);
			defaultConfigurationIsVisible = 0;
			defaultConfigurationName = Release;
		};
/* End XCConfigurationList section */
	};
	rootObject = 2AA5E3C224B191320028A39A /* Project object */;
}
